
Microsoft Visual Studio Solution File, Format Version 12.00
# Visual Studio Version 16
VisualStudioVersion = 16.0.31911.196
MinimumVisualStudioVersion = 10.0.40219.1
Project("{FAE04EC0-301F-11D3-BF4B-00C04F79EFBC}") = "WinFormsApp01", "WinFormsApp01\WinFormsApp01.csproj", "{D70721AC-D549-4449-8C7E-C7E692D6C211}"
EndProject
Global
	GlobalSection(SolutionConfigurationPlatforms) = preSolution
		Debug|Any CPU = Debug|Any CPU
		Release|Any CPU = Release|Any CPU
	EndGlobalSection
	GlobalSection(ProjectConfigurationPlatforms) = postSolution
		{D70721AC-D549-4449-8C7E-C7E692D6C211}.Debug|Any CPU.ActiveCfg = Debug|Any CPU
		{D70721AC-D549-4449-8C7E-C7E692D6C211}.Debug|Any CPU.Build.0 = Debug|Any CPU
		{D70721AC-D549-4449-8C7E-C7E692D6C211}.Release|Any CPU.ActiveCfg = Release|Any CPU
		{D70721AC-D549-4449-8C7E-C7E692D6C211}.Release|Any CPU.Build.0 = Release|Any CPU
	EndGlobalSection
	GlobalSection(SolutionProperties) = preSolution
		HideSolutionNode = FALSE
	EndGlobalSection
	GlobalSection(ExtensibilityGlobals) = postSolution
		SolutionGuid = {51ED9A84-7463-445B-8E1B-E8F1B228EB80}
	EndGlobalSection
EndGlobal
